
Microsoft Visual Studio Solution File, Format Version 12.00
Project("{FAE04EC0-301F-11D3-BF4B-00C04F79EFBC}") = "Fighters", "Fighters\Fighters.csproj", "{3683A906-36D9-4170-AEB8-13633D0258EA}"
EndProject
Global
	GlobalSection(SolutionConfigurationPlatforms) = preSolution
		Debug|Any CPU = Debug|Any CPU
		Release|Any CPU = Release|Any CPU
	EndGlobalSection
	GlobalSection(ProjectConfigurationPlatforms) = postSolution
		{3683A906-36D9-4170-AEB8-13633D0258EA}.Debug|Any CPU.ActiveCfg = Debug|Any CPU
		{3683A906-36D9-4170-AEB8-13633D0258EA}.Debug|Any CPU.Build.0 = Debug|Any CPU
		{3683A906-36D9-4170-AEB8-13633D0258EA}.Release|Any CPU.ActiveCfg = Release|Any CPU
		{3683A906-36D9-4170-AEB8-13633D0258EA}.Release|Any CPU.Build.0 = Release|Any CPU
	EndGlobalSection
EndGlobal
